// !$*UTF8*$!
{
	archiveVersion = 1;
	classes = {
	};
	objectVersion = 52;
	objects = {

/* Begin PBXBuildFile section */
		EA5A52D9263B61D20061274C /* AppDelegate.swift in Sources */ = {isa = PBXBuildFile; fileRef = EA5A52D8263B61D20061274C /* AppDelegate.swift */; };
		EA5A52DB263B61D20061274C /* SceneDelegate.swift in Sources */ = {isa = PBXBuildFile; fileRef = EA5A52DA263B61D20061274C /* SceneDelegate.swift */; };
		EA5A52DD263B61D20061274C /* UpdateProfileViewController.swift in Sources */ = {isa = PBXBuildFile; fileRef = EA5A52DC263B61D20061274C /* UpdateProfileViewController.swift */; };
		EA5A52E0263B61D30061274C /* Main.storyboard in Resources */ = {isa = PBXBuildFile; fileRef = EA5A52DE263B61D30061274C /* Main.storyboard */; };
		EA5A52E2263B61D40061274C /* Assets.xcassets in Resources */ = {isa = PBXBuildFile; fileRef = EA5A52E1263B61D40061274C /* Assets.xcassets */; };
		EA5A52E5263B61D40061274C /* LaunchScreen.storyboard in Resources */ = {isa = PBXBuildFile; fileRef = EA5A52E3263B61D40061274C /* LaunchScreen.storyboard */; };
		EA5A52F0263B61D50061274C /* Iterable_Take_Home_TestTests.swift in Sources */ = {isa = PBXBuildFile; fileRef = EA5A52EF263B61D50061274C /* Iterable_Take_Home_TestTests.swift */; };
		EA5A52FB263B61D50061274C /* Iterable_Take_Home_TestUITests.swift in Sources */ = {isa = PBXBuildFile; fileRef = EA5A52FA263B61D50061274C /* Iterable_Take_Home_TestUITests.swift */; };
		EA5A530D263B62330061274C /* IterableSDK in Frameworks */ = {isa = PBXBuildFile; productRef = EA5A530C263B62330061274C /* IterableSDK */; };
		EA5A5318263B62CE0061274C /* NotificationService.swift in Sources */ = {isa = PBXBuildFile; fileRef = EA5A5317263B62CE0061274C /* NotificationService.swift */; };
		EA5A531C263B62CE0061274C /* Iterable Notifications.appex in Embed App Extensions */ = {isa = PBXBuildFile; fileRef = EA5A5315263B62CE0061274C /* Iterable Notifications.appex */; settings = {ATTRIBUTES = (RemoveHeadersOnCopy, ); }; };
/* End PBXBuildFile section */

/* Begin PBXContainerItemProxy section */
		EA5A52EC263B61D50061274C /* PBXContainerItemProxy */ = {
			isa = PBXContainerItemProxy;
			containerPortal = EA5A52CD263B61D20061274C /* Project object */;
			proxyType = 1;
			remoteGlobalIDString = EA5A52D4263B61D20061274C;
			remoteInfo = "Iterable Take Home Test";
		};
		EA5A52F7263B61D50061274C /* PBXContainerItemProxy */ = {
			isa = PBXContainerItemProxy;
			containerPortal = EA5A52CD263B61D20061274C /* Project object */;
			proxyType = 1;
			remoteGlobalIDString = EA5A52D4263B61D20061274C;
			remoteInfo = "Iterable Take Home Test";
		};
		EA5A531A263B62CE0061274C /* PBXContainerItemProxy */ = {
			isa = PBXContainerItemProxy;
			containerPortal = EA5A52CD263B61D20061274C /* Project object */;
			proxyType = 1;
			remoteGlobalIDString = EA5A5314263B62CE0061274C;
			remoteInfo = "Iterable Notifications";
		};
/* End PBXContainerItemProxy section */

/* Begin PBXCopyFilesBuildPhase section */
		EA5A5320263B62CE0061274C /* Embed App Extensions */ = {
			isa = PBXCopyFilesBuildPhase;
			buildActionMask = 2147483647;
			dstPath = "";
			dstSubfolderSpec = 13;
			files = (
				EA5A531C263B62CE0061274C /* Iterable Notifications.appex in Embed App Extensions */,
			);
			name = "Embed App Extensions";
			runOnlyForDeploymentPostprocessing = 0;
		};
/* End PBXCopyFilesBuildPhase section */

/* Begin PBXFileReference section */
		EA5A52D5263B61D20061274C /* Iterable Take Home Test.app */ = {isa = PBXFileReference; explicitFileType = wrapper.application; includeInIndex = 0; path = "Iterable Take Home Test.app"; sourceTree = BUILT_PRODUCTS_DIR; };
		EA5A52D8263B61D20061274C /* AppDelegate.swift */ = {isa = PBXFileReference; lastKnownFileType = sourcecode.swift; path = AppDelegate.swift; sourceTree = "<group>"; };
		EA5A52DA263B61D20061274C /* SceneDelegate.swift */ = {isa = PBXFileReference; lastKnownFileType = sourcecode.swift; path = SceneDelegate.swift; sourceTree = "<group>"; };
		EA5A52DC263B61D20061274C /* UpdateProfileViewController.swift */ = {isa = PBXFileReference; lastKnownFileType = sourcecode.swift; path = UpdateProfileViewController.swift; sourceTree = "<group>"; };
		EA5A52DF263B61D30061274C /* Base */ = {isa = PBXFileReference; lastKnownFileType = file.storyboard; name = Base; path = Base.lproj/Main.storyboard; sourceTree = "<group>"; };
		EA5A52E1263B61D40061274C /* Assets.xcassets */ = {isa = PBXFileReference; lastKnownFileType = folder.assetcatalog; path = Assets.xcassets; sourceTree = "<group>"; };
		EA5A52E4263B61D40061274C /* Base */ = {isa = PBXFileReference; lastKnownFileType = file.storyboard; name = Base; path = Base.lproj/LaunchScreen.storyboard; sourceTree = "<group>"; };
		EA5A52E6263B61D40061274C /* Info.plist */ = {isa = PBXFileReference; lastKnownFileType = text.plist.xml; path = Info.plist; sourceTree = "<group>"; };
		EA5A52EB263B61D50061274C /* Iterable Take Home TestTests.xctest */ = {isa = PBXFileReference; explicitFileType = wrapper.cfbundle; includeInIndex = 0; path = "Iterable Take Home TestTests.xctest"; sourceTree = BUILT_PRODUCTS_DIR; };
		EA5A52EF263B61D50061274C /* Iterable_Take_Home_TestTests.swift */ = {isa = PBXFileReference; lastKnownFileType = sourcecode.swift; path = Iterable_Take_Home_TestTests.swift; sourceTree = "<group>"; };
		EA5A52F1263B61D50061274C /* Info.plist */ = {isa = PBXFileReference; lastKnownFileType = text.plist.xml; path = Info.plist; sourceTree = "<group>"; };
		EA5A52F6263B61D50061274C /* Iterable Take Home TestUITests.xctest */ = {isa = PBXFileReference; explicitFileType = wrapper.cfbundle; includeInIndex = 0; path = "Iterable Take Home TestUITests.xctest"; sourceTree = BUILT_PRODUCTS_DIR; };
		EA5A52FA263B61D50061274C /* Iterable_Take_Home_TestUITests.swift */ = {isa = PBXFileReference; lastKnownFileType = sourcecode.swift; path = Iterable_Take_Home_TestUITests.swift; sourceTree = "<group>"; };
		EA5A52FC263B61D50061274C /* Info.plist */ = {isa = PBXFileReference; lastKnownFileType = text.plist.xml; path = Info.plist; sourceTree = "<group>"; };
		EA5A5315263B62CE0061274C /* Iterable Notifications.appex */ = {isa = PBXFileReference; explicitFileType = "wrapper.app-extension"; includeInIndex = 0; path = "Iterable Notifications.appex"; sourceTree = BUILT_PRODUCTS_DIR; };
		EA5A5317263B62CE0061274C /* NotificationService.swift */ = {isa = PBXFileReference; lastKnownFileType = sourcecode.swift; path = NotificationService.swift; sourceTree = "<group>"; };
		EA5A5319263B62CE0061274C /* Info.plist */ = {isa = PBXFileReference; lastKnownFileType = text.plist.xml; path = Info.plist; sourceTree = "<group>"; };
/* End PBXFileReference section */

/* Begin PBXFrameworksBuildPhase section */
		EA5A52D2263B61D20061274C /* Frameworks */ = {
			isa = PBXFrameworksBuildPhase;
			buildActionMask = 2147483647;
			files = (
				EA5A530D263B62330061274C /* IterableSDK in Frameworks */,
			);
			runOnlyForDeploymentPostprocessing = 0;
		};
		EA5A52E8263B61D50061274C /* Frameworks */ = {
			isa = PBXFrameworksBuildPhase;
			buildActionMask = 2147483647;
			files = (
			);
			runOnlyForDeploymentPostprocessing = 0;
		};
		EA5A52F3263B61D50061274C /* Frameworks */ = {
			isa = PBXFrameworksBuildPhase;
			buildActionMask = 2147483647;
			files = (
			);
			runOnlyForDeploymentPostprocessing = 0;
		};
		EA5A5312263B62CE0061274C /* Frameworks */ = {
			isa = PBXFrameworksBuildPhase;
			buildActionMask = 2147483647;
			files = (
			);
			runOnlyForDeploymentPostprocessing = 0;
		};
/* End PBXFrameworksBuildPhase section */

/* Begin PBXGroup section */
		EA5A52CC263B61D20061274C = {
			isa = PBXGroup;
			children = (
				EA5A52D7263B61D20061274C /* Iterable Take Home Test */,
				EA5A52EE263B61D50061274C /* Iterable Take Home TestTests */,
				EA5A52F9263B61D50061274C /* Iterable Take Home TestUITests */,
				EA5A5316263B62CE0061274C /* Iterable Notifications */,
				EA5A52D6263B61D20061274C /* Products */,
			);
			sourceTree = "<group>";
		};
		EA5A52D6263B61D20061274C /* Products */ = {
			isa = PBXGroup;
			children = (
				EA5A52D5263B61D20061274C /* Iterable Take Home Test.app */,
				EA5A52EB263B61D50061274C /* Iterable Take Home TestTests.xctest */,
				EA5A52F6263B61D50061274C /* Iterable Take Home TestUITests.xctest */,
				EA5A5315263B62CE0061274C /* Iterable Notifications.appex */,
			);
			name = Products;
			sourceTree = "<group>";
		};
		EA5A52D7263B61D20061274C /* Iterable Take Home Test */ = {
			isa = PBXGroup;
			children = (
				EA5A52D8263B61D20061274C /* AppDelegate.swift */,
				EA5A52DA263B61D20061274C /* SceneDelegate.swift */,
				EA5A52DC263B61D20061274C /* UpdateProfileViewController.swift */,
				EA5A52DE263B61D30061274C /* Main.storyboard */,
				EA5A52E1263B61D40061274C /* Assets.xcassets */,
				EA5A52E3263B61D40061274C /* LaunchScreen.storyboard */,
				EA5A52E6263B61D40061274C /* Info.plist */,
			);
			path = "Iterable Take Home Test";
			sourceTree = "<group>";
		};
		EA5A52EE263B61D50061274C /* Iterable Take Home TestTests */ = {
			isa = PBXGroup;
			children = (
				EA5A52EF263B61D50061274C /* Iterable_Take_Home_TestTests.swift */,
				EA5A52F1263B61D50061274C /* Info.plist */,
			);
			path = "Iterable Take Home TestTests";
			sourceTree = "<group>";
		};
		EA5A52F9263B61D50061274C /* Iterable Take Home TestUITests */ = {
			isa = PBXGroup;
			children = (
				EA5A52FA263B61D50061274C /* Iterable_Take_Home_TestUITests.swift */,
				EA5A52FC263B61D50061274C /* Info.plist */,
			);
			path = "Iterable Take Home TestUITests";
			sourceTree = "<group>";
		};
		EA5A5316263B62CE0061274C /* Iterable Notifications */ = {
			isa = PBXGroup;
			children = (
				EA5A5317263B62CE0061274C /* NotificationService.swift */,
				EA5A5319263B62CE0061274C /* Info.plist */,
			);
			path = "Iterable Notifications";
			sourceTree = "<group>";
		};
/* End PBXGroup section */

/* Begin PBXNativeTarget section */
		EA5A52D4263B61D20061274C /* Iterable Take Home Test */ = {
			isa = PBXNativeTarget;
			buildConfigurationList = EA5A52FF263B61D50061274C /* Build configuration list for PBXNativeTarget "Iterable Take Home Test" */;
			buildPhases = (
				EA5A52D1263B61D20061274C /* Sources */,
				EA5A52D2263B61D20061274C /* Frameworks */,
				EA5A52D3263B61D20061274C /* Resources */,
				EA5A5320263B62CE0061274C /* Embed App Extensions */,
			);
			buildRules = (
			);
			dependencies = (
				EA5A531B263B62CE0061274C /* PBXTargetDependency */,
			);
			name = "Iterable Take Home Test";
			packageProductDependencies = (
				EA5A530C263B62330061274C /* IterableSDK */,
			);
			productName = "Iterable Take Home Test";
			productReference = EA5A52D5263B61D20061274C /* Iterable Take Home Test.app */;
			productType = "com.apple.product-type.application";
		};
		EA5A52EA263B61D50061274C /* Iterable Take Home TestTests */ = {
			isa = PBXNativeTarget;
			buildConfigurationList = EA5A5302263B61D50061274C /* Build configuration list for PBXNativeTarget "Iterable Take Home TestTests" */;
			buildPhases = (
				EA5A52E7263B61D50061274C /* Sources */,
				EA5A52E8263B61D50061274C /* Frameworks */,
				EA5A52E9263B61D50061274C /* Resources */,
			);
			buildRules = (
			);
			dependencies = (
				EA5A52ED263B61D50061274C /* PBXTargetDependency */,
			);
			name = "Iterable Take Home TestTests";
			productName = "Iterable Take Home TestTests";
			productReference = EA5A52EB263B61D50061274C /* Iterable Take Home TestTests.xctest */;
			productType = "com.apple.product-type.bundle.unit-test";
		};
		EA5A52F5263B61D50061274C /* Iterable Take Home TestUITests */ = {
			isa = PBXNativeTarget;
			buildConfigurationList = EA5A5305263B61D50061274C /* Build configuration list for PBXNativeTarget "Iterable Take Home TestUITests" */;
			buildPhases = (
				EA5A52F2263B61D50061274C /* Sources */,
				EA5A52F3263B61D50061274C /* Frameworks */,
				EA5A52F4263B61D50061274C /* Resources */,
			);
			buildRules = (
			);
			dependencies = (
				EA5A52F8263B61D50061274C /* PBXTargetDependency */,
			);
			name = "Iterable Take Home TestUITests";
			productName = "Iterable Take Home TestUITests";
			productReference = EA5A52F6263B61D50061274C /* Iterable Take Home TestUITests.xctest */;
			productType = "com.apple.product-type.bundle.ui-testing";
		};
		EA5A5314263B62CE0061274C /* Iterable Notifications */ = {
			isa = PBXNativeTarget;
			buildConfigurationList = EA5A531D263B62CE0061274C /* Build configuration list for PBXNativeTarget "Iterable Notifications" */;
			buildPhases = (
				EA5A5311263B62CE0061274C /* Sources */,
				EA5A5312263B62CE0061274C /* Frameworks */,
				EA5A5313263B62CE0061274C /* Resources */,
			);
			buildRules = (
			);
			dependencies = (
			);
			name = "Iterable Notifications";
			productName = "Iterable Notifications";
			productReference = EA5A5315263B62CE0061274C /* Iterable Notifications.appex */;
			productType = "com.apple.product-type.app-extension";
		};
/* End PBXNativeTarget section */

/* Begin PBXProject section */
		EA5A52CD263B61D20061274C /* Project object */ = {
			isa = PBXProject;
			attributes = {
				LastSwiftUpdateCheck = 1240;
				LastUpgradeCheck = 1240;
				TargetAttributes = {
					EA5A52D4263B61D20061274C = {
						CreatedOnToolsVersion = 12.4;
					};
					EA5A52EA263B61D50061274C = {
						CreatedOnToolsVersion = 12.4;
						TestTargetID = EA5A52D4263B61D20061274C;
					};
					EA5A52F5263B61D50061274C = {
						CreatedOnToolsVersion = 12.4;
						TestTargetID = EA5A52D4263B61D20061274C;
					};
					EA5A5314263B62CE0061274C = {
						CreatedOnToolsVersion = 12.4;
					};
				};
			};
			buildConfigurationList = EA5A52D0263B61D20061274C /* Build configuration list for PBXProject "Iterable Take Home Test" */;
			compatibilityVersion = "Xcode 9.3";
			developmentRegion = en;
			hasScannedForEncodings = 0;
			knownRegions = (
				en,
				Base,
			);
			mainGroup = EA5A52CC263B61D20061274C;
			packageReferences = (
				EA5A530B263B62330061274C /* XCRemoteSwiftPackageReference "swift-sdk" */,
			);
			productRefGroup = EA5A52D6263B61D20061274C /* Products */;
			projectDirPath = "";
			projectRoot = "";
			targets = (
				EA5A52D4263B61D20061274C /* Iterable Take Home Test */,
				EA5A52EA263B61D50061274C /* Iterable Take Home TestTests */,
				EA5A52F5263B61D50061274C /* Iterable Take Home TestUITests */,
				EA5A5314263B62CE0061274C /* Iterable Notifications */,
			);
		};
/* End PBXProject section */

/* Begin PBXResourcesBuildPhase section */
		EA5A52D3263B61D20061274C /* Resources */ = {
			isa = PBXResourcesBuildPhase;
			buildActionMask = 2147483647;
			files = (
				EA5A52E5263B61D40061274C /* LaunchScreen.storyboard in Resources */,
				EA5A52E2263B61D40061274C /* Assets.xcassets in Resources */,
				EA5A52E0263B61D30061274C /* Main.storyboard in Resources */,
			);
			runOnlyForDeploymentPostprocessing = 0;
		};
		EA5A52E9263B61D50061274C /* Resources */ = {
			isa = PBXResourcesBuildPhase;
			buildActionMask = 2147483647;
			files = (
			);
			runOnlyForDeploymentPostprocessing = 0;
		};
		EA5A52F4263B61D50061274C /* Resources */ = {
			isa = PBXResourcesBuildPhase;
			buildActionMask = 2147483647;
			files = (
			);
			runOnlyForDeploymentPostprocessing = 0;
		};
		EA5A5313263B62CE0061274C /* Resources */ = {
			isa = PBXResourcesBuildPhase;
			buildActionMask = 2147483647;
			files = (
			);
			runOnlyForDeploymentPostprocessing = 0;
		};
/* End PBXResourcesBuildPhase section */

/* Begin PBXSourcesBuildPhase section */
		EA5A52D1263B61D20061274C /* Sources */ = {
			isa = PBXSourcesBuildPhase;
			buildActionMask = 2147483647;
			files = (
				EA5A52DD263B61D20061274C /* UpdateProfileViewController.swift in Sources */,
				EA5A52D9263B61D20061274C /* AppDelegate.swift in Sources */,
				EA5A52DB263B61D20061274C /* SceneDelegate.swift in Sources */,
			);
			runOnlyForDeploymentPostprocessing = 0;
		};
		EA5A52E7263B61D50061274C /* Sources */ = {
			isa = PBXSourcesBuildPhase;
			buildActionMask = 2147483647;
			files = (
				EA5A52F0263B61D50061274C /* Iterable_Take_Home_TestTests.swift in Sources */,
			);
			runOnlyForDeploymentPostprocessing = 0;
		};
		EA5A52F2263B61D50061274C /* Sources */ = {
			isa = PBXSourcesBuildPhase;
			buildActionMask = 2147483647;
			files = (
				EA5A52FB263B61D50061274C /* Iterable_Take_Home_TestUITests.swift in Sources */,
			);
			runOnlyForDeploymentPostprocessing = 0;
		};
		EA5A5311263B62CE0061274C /* Sources */ = {
			isa = PBXSourcesBuildPhase;
			buildActionMask = 2147483647;
			files = (
				EA5A5318263B62CE0061274C /* NotificationService.swift in Sources */,
			);
			runOnlyForDeploymentPostprocessing = 0;
		};
/* End PBXSourcesBuildPhase section */

/* Begin PBXTargetDependency section */
		EA5A52ED263B61D50061274C /* PBXTargetDependency */ = {
			isa = PBXTargetDependency;
			target = EA5A52D4263B61D20061274C /* Iterable Take Home Test */;
			targetProxy = EA5A52EC263B61D50061274C /* PBXContainerItemProxy */;
		};
		EA5A52F8263B61D50061274C /* PBXTargetDependency */ = {
			isa = PBXTargetDependency;
			target = EA5A52D4263B61D20061274C /* Iterable Take Home Test */;
			targetProxy = EA5A52F7263B61D50061274C /* PBXContainerItemProxy */;
		};
		EA5A531B263B62CE0061274C /* PBXTargetDependency */ = {
			isa = PBXTargetDependency;
			target = EA5A5314263B62CE0061274C /* Iterable Notifications */;
			targetProxy = EA5A531A263B62CE0061274C /* PBXContainerItemProxy */;
		};
/* End PBXTargetDependency section */

/* Begin PBXVariantGroup section */
		EA5A52DE263B61D30061274C /* Main.storyboard */ = {
			isa = PBXVariantGroup;
			children = (
				EA5A52DF263B61D30061274C /* Base */,
			);
			name = Main.storyboard;
			sourceTree = "<group>";
		};
		EA5A52E3263B61D40061274C /* LaunchScreen.storyboard */ = {
			isa = PBXVariantGroup;
			children = (
				EA5A52E4263B61D40061274C /* Base */,
			);
			name = LaunchScreen.storyboard;
			sourceTree = "<group>";
		};
/* End PBXVariantGroup section */

/* Begin XCBuildConfiguration section */
		EA5A52FD263B61D50061274C /* Debug */ = {
			isa = XCBuildConfiguration;
			buildSettings = {
				ALWAYS_SEARCH_USER_PATHS = NO;
				CLANG_ANALYZER_NONNULL = YES;
				CLANG_ANALYZER_NUMBER_OBJECT_CONVERSION = YES_AGGRESSIVE;
				CLANG_CXX_LANGUAGE_STANDARD = "gnu++14";
				CLANG_CXX_LIBRARY = "libc++";
				CLANG_ENABLE_MODULES = YES;
				CLANG_ENABLE_OBJC_ARC = YES;
				CLANG_ENABLE_OBJC_WEAK = YES;
				CLANG_WARN_BLOCK_CAPTURE_AUTORELEASING = YES;
				CLANG_WARN_BOOL_CONVERSION = YES;
				CLANG_WARN_COMMA = YES;
				CLANG_WARN_CONSTANT_CONVERSION = YES;
				CLANG_WARN_DEPRECATED_OBJC_IMPLEMENTATIONS = YES;
				CLANG_WARN_DIRECT_OBJC_ISA_USAGE = YES_ERROR;
				CLANG_WARN_DOCUMENTATION_COMMENTS = YES;
				CLANG_WARN_EMPTY_BODY = YES;
				CLANG_WARN_ENUM_CONVERSION = YES;
				CLANG_WARN_INFINITE_RECURSION = YES;
				CLANG_WARN_INT_CONVERSION = YES;
				CLANG_WARN_NON_LITERAL_NULL_CONVERSION = YES;
				CLANG_WARN_OBJC_IMPLICIT_RETAIN_SELF = YES;
				CLANG_WARN_OBJC_LITERAL_CONVERSION = YES;
				CLANG_WARN_OBJC_ROOT_CLASS = YES_ERROR;
				CLANG_WARN_QUOTED_INCLUDE_IN_FRAMEWORK_HEADER = YES;
				CLANG_WARN_RANGE_LOOP_ANALYSIS = YES;
				CLANG_WARN_STRICT_PROTOTYPES = YES;
				CLANG_WARN_SUSPICIOUS_MOVE = YES;
				CLANG_WARN_UNGUARDED_AVAILABILITY = YES_AGGRESSIVE;
				CLANG_WARN_UNREACHABLE_CODE = YES;
				CLANG_WARN__DUPLICATE_METHOD_MATCH = YES;
				COPY_PHASE_STRIP = NO;
				DEBUG_INFORMATION_FORMAT = dwarf;
				ENABLE_STRICT_OBJC_MSGSEND = YES;
				ENABLE_TESTABILITY = YES;
				GCC_C_LANGUAGE_STANDARD = gnu11;
				GCC_DYNAMIC_NO_PIC = NO;
				GCC_NO_COMMON_BLOCKS = YES;
				GCC_OPTIMIZATION_LEVEL = 0;
				GCC_PREPROCESSOR_DEFINITIONS = (
					"DEBUG=1",
					"$(inherited)",
				);
				GCC_WARN_64_TO_32_BIT_CONVERSION = YES;
				GCC_WARN_ABOUT_RETURN_TYPE = YES_ERROR;
				GCC_WARN_UNDECLARED_SELECTOR = YES;
				GCC_WARN_UNINITIALIZED_AUTOS = YES_AGGRESSIVE;
				GCC_WARN_UNUSED_FUNCTION = YES;
				GCC_WARN_UNUSED_VARIABLE = YES;
				IPHONEOS_DEPLOYMENT_TARGET = 14.4;
				MTL_ENABLE_DEBUG_INFO = INCLUDE_SOURCE;
				MTL_FAST_MATH = YES;
				ONLY_ACTIVE_ARCH = YES;
				SDKROOT = iphoneos;
				SWIFT_ACTIVE_COMPILATION_CONDITIONS = DEBUG;
				SWIFT_OPTIMIZATION_LEVEL = "-Onone";
			};
			name = Debug;
		};
		EA5A52FE263B61D50061274C /* Release */ = {
			isa = XCBuildConfiguration;
			buildSettings = {
				ALWAYS_SEARCH_USER_PATHS = NO;
				CLANG_ANALYZER_NONNULL = YES;
				CLANG_ANALYZER_NUMBER_OBJECT_CONVERSION = YES_AGGRESSIVE;
				CLANG_CXX_LANGUAGE_STANDARD = "gnu++14";
				CLANG_CXX_LIBRARY = "libc++";
				CLANG_ENABLE_MODULES = YES;
				CLANG_ENABLE_OBJC_ARC = YES;
				CLANG_ENABLE_OBJC_WEAK = YES;
				CLANG_WARN_BLOCK_CAPTURE_AUTORELEASING = YES;
				CLANG_WARN_BOOL_CONVERSION = YES;
				CLANG_WARN_COMMA = YES;
				CLANG_WARN_CONSTANT_CONVERSION = YES;
				CLANG_WARN_DEPRECATED_OBJC_IMPLEMENTATIONS = YES;
				CLANG_WARN_DIRECT_OBJC_ISA_USAGE = YES_ERROR;
				CLANG_WARN_DOCUMENTATION_COMMENTS = YES;
				CLANG_WARN_EMPTY_BODY = YES;
				CLANG_WARN_ENUM_CONVERSION = YES;
				CLANG_WARN_INFINITE_RECURSION = YES;
				CLANG_WARN_INT_CONVERSION = YES;
				CLANG_WARN_NON_LITERAL_NULL_CONVERSION = YES;
				CLANG_WARN_OBJC_IMPLICIT_RETAIN_SELF = YES;
				CLANG_WARN_OBJC_LITERAL_CONVERSION = YES;
				CLANG_WARN_OBJC_ROOT_CLASS = YES_ERROR;
				CLANG_WARN_QUOTED_INCLUDE_IN_FRAMEWORK_HEADER = YES;
				CLANG_WARN_RANGE_LOOP_ANALYSIS = YES;
				CLANG_WARN_STRICT_PROTOTYPES = YES;
				CLANG_WARN_SUSPICIOUS_MOVE = YES;
				CLANG_WARN_UNGUARDED_AVAILABILITY = YES_AGGRESSIVE;
				CLANG_WARN_UNREACHABLE_CODE = YES;
				CLANG_WARN__DUPLICATE_METHOD_MATCH = YES;
				COPY_PHASE_STRIP = NO;
				DEBUG_INFORMATION_FORMAT = "dwarf-with-dsym";
				ENABLE_NS_ASSERTIONS = NO;
				ENABLE_STRICT_OBJC_MSGSEND = YES;
				GCC_C_LANGUAGE_STANDARD = gnu11;
				GCC_NO_COMMON_BLOCKS = YES;
				GCC_WARN_64_TO_32_BIT_CONVERSION = YES;
				GCC_WARN_ABOUT_RETURN_TYPE = YES_ERROR;
				GCC_WARN_UNDECLARED_SELECTOR = YES;
				GCC_WARN_UNINITIALIZED_AUTOS = YES_AGGRESSIVE;
				GCC_WARN_UNUSED_FUNCTION = YES;
				GCC_WARN_UNUSED_VARIABLE = YES;
				IPHONEOS_DEPLOYMENT_TARGET = 14.4;
				MTL_ENABLE_DEBUG_INFO = NO;
				MTL_FAST_MATH = YES;
				SDKROOT = iphoneos;
				SWIFT_COMPILATION_MODE = wholemodule;
				SWIFT_OPTIMIZATION_LEVEL = "-O";
				VALIDATE_PRODUCT = YES;
			};
			name = Release;
		};
		EA5A5300263B61D50061274C /* Debug */ = {
			isa = XCBuildConfiguration;
			buildSettings = {
				ALWAYS_EMBED_SWIFT_STANDARD_LIBRARIES = YES;
				ASSETCATALOG_COMPILER_APPICON_NAME = AppIcon;
				ASSETCATALOG_COMPILER_GLOBAL_ACCENT_COLOR_NAME = AccentColor;
				CODE_SIGN_STYLE = Automatic;
				DEVELOPMENT_TEAM = CGABW4X2P7;
				INFOPLIST_FILE = "Iterable Take Home Test/Info.plist";
				LD_RUNPATH_SEARCH_PATHS = (
					"$(inherited)",
					"@executable_path/Frameworks",
				);
				PRODUCT_BUNDLE_IDENTIFIER = "mdtaps.Iterable-Take-Home-Test";
				PRODUCT_NAME = "$(TARGET_NAME)";
				SWIFT_VERSION = 5.0;
				TARGETED_DEVICE_FAMILY = "1,2";
			};
			name = Debug;
		};
		EA5A5301263B61D50061274C /* Release */ = {
			isa = XCBuildConfiguration;
			buildSettings = {
				ALWAYS_EMBED_SWIFT_STANDARD_LIBRARIES = YES;
				ASSETCATALOG_COMPILER_APPICON_NAME = AppIcon;
				ASSETCATALOG_COMPILER_GLOBAL_ACCENT_COLOR_NAME = AccentColor;
				CODE_SIGN_STYLE = Automatic;
				DEVELOPMENT_TEAM = CGABW4X2P7;
				INFOPLIST_FILE = "Iterable Take Home Test/Info.plist";
				LD_RUNPATH_SEARCH_PATHS = (
					"$(inherited)",
					"@executable_path/Frameworks",
				);
				PRODUCT_BUNDLE_IDENTIFIER = "mdtaps.Iterable-Take-Home-Test";
				PRODUCT_NAME = "$(TARGET_NAME)";
				SWIFT_VERSION = 5.0;
				TARGETED_DEVICE_FAMILY = "1,2";
			};
			name = Release;
		};
		EA5A5303263B61D50061274C /* Debug */ = {
			isa = XCBuildConfiguration;
			buildSettings = {
				ALWAYS_EMBED_SWIFT_STANDARD_LIBRARIES = YES;
				BUNDLE_LOADER = "$(TEST_HOST)";
				CODE_SIGN_STYLE = Automatic;
				DEVELOPMENT_TEAM = CGABW4X2P7;
				INFOPLIST_FILE = "Iterable Take Home TestTests/Info.plist";
				IPHONEOS_DEPLOYMENT_TARGET = 14.4;
				LD_RUNPATH_SEARCH_PATHS = (
					"$(inherited)",
					"@executable_path/Frameworks",
					"@loader_path/Frameworks",
				);
				PRODUCT_BUNDLE_IDENTIFIER = "mdtaps.Iterable-Take-Home-TestTests";
				PRODUCT_NAME = "$(TARGET_NAME)";
				SWIFT_VERSION = 5.0;
				TARGETED_DEVICE_FAMILY = "1,2";
				TEST_HOST = "$(BUILT_PRODUCTS_DIR)/Iterable Take Home Test.app/Iterable Take Home Test";
			};
			name = Debug;
		};
		EA5A5304263B61D50061274C /* Release */ = {
			isa = XCBuildConfiguration;
			buildSettings = {
				ALWAYS_EMBED_SWIFT_STANDARD_LIBRARIES = YES;
				BUNDLE_LOADER = "$(TEST_HOST)";
				CODE_SIGN_STYLE = Automatic;
				DEVELOPMENT_TEAM = CGABW4X2P7;
				INFOPLIST_FILE = "Iterable Take Home TestTests/Info.plist";
				IPHONEOS_DEPLOYMENT_TARGET = 14.4;
				LD_RUNPATH_SEARCH_PATHS = (
					"$(inherited)",
					"@executable_path/Frameworks",
					"@loader_path/Frameworks",
				);
				PRODUCT_BUNDLE_IDENTIFIER = "mdtaps.Iterable-Take-Home-TestTests";
				PRODUCT_NAME = "$(TARGET_NAME)";
				SWIFT_VERSION = 5.0;
				TARGETED_DEVICE_FAMILY = "1,2";
				TEST_HOST = "$(BUILT_PRODUCTS_DIR)/Iterable Take Home Test.app/Iterable Take Home Test";
			};
			name = Release;
		};
		EA5A5306263B61D50061274C /* Debug */ = {
			isa = XCBuildConfiguration;
			buildSettings = {
				ALWAYS_EMBED_SWIFT_STANDARD_LIBRARIES = YES;
				CODE_SIGN_STYLE = Automatic;
				DEVELOPMENT_TEAM = CGABW4X2P7;
				INFOPLIST_FILE = "Iterable Take Home TestUITests/Info.plist";
				LD_RUNPATH_SEARCH_PATHS = (
					"$(inherited)",
					"@executable_path/Frameworks",
					"@loader_path/Frameworks",
				);
				PRODUCT_BUNDLE_IDENTIFIER = "mdtaps.Iterable-Take-Home-TestUITests";
				PRODUCT_NAME = "$(TARGET_NAME)";
				SWIFT_VERSION = 5.0;
				TARGETED_DEVICE_FAMILY = "1,2";
				TEST_TARGET_NAME = "Iterable Take Home Test";
			};
			name = Debug;
		};
		EA5A5307263B61D50061274C /* Release */ = {
			isa = XCBuildConfiguration;
			buildSettings = {
				ALWAYS_EMBED_SWIFT_STANDARD_LIBRARIES = YES;
				CODE_SIGN_STYLE = Automatic;
				DEVELOPMENT_TEAM = CGABW4X2P7;
				INFOPLIST_FILE = "Iterable Take Home TestUITests/Info.plist";
				LD_RUNPATH_SEARCH_PATHS = (
					"$(inherited)",
					"@executable_path/Frameworks",
					"@loader_path/Frameworks",
				);
				PRODUCT_BUNDLE_IDENTIFIER = "mdtaps.Iterable-Take-Home-TestUITests";
				PRODUCT_NAME = "$(TARGET_NAME)";
				SWIFT_VERSION = 5.0;
				TARGETED_DEVICE_FAMILY = "1,2";
				TEST_TARGET_NAME = "Iterable Take Home Test";
			};
			name = Release;
		};
		EA5A531E263B62CE0061274C /* Debug */ = {
			isa = XCBuildConfiguration;
			buildSettings = {
				CODE_SIGN_STYLE = Automatic;
				DEVELOPMENT_TEAM = CGABW4X2P7;
				INFOPLIST_FILE = "Iterable Notifications/Info.plist";
				LD_RUNPATH_SEARCH_PATHS = (
					"$(inherited)",
					"@executable_path/Frameworks",
					"@executable_path/../../Frameworks",
				);
				PRODUCT_BUNDLE_IDENTIFIER = "mdtaps.Iterable-Take-Home-Test.Iterable-Notifications";
				PRODUCT_NAME = "$(TARGET_NAME)";
				SKIP_INSTALL = YES;
				SWIFT_VERSION = 5.0;
				TARGETED_DEVICE_FAMILY = "1,2";
			};
			name = Debug;
		};
		EA5A531F263B62CE0061274C /* Release */ = {
			isa = XCBuildConfiguration;
			buildSettings = {
				CODE_SIGN_STYLE = Automatic;
				DEVELOPMENT_TEAM = CGABW4X2P7;
				INFOPLIST_FILE = "Iterable Notifications/Info.plist";
				LD_RUNPATH_SEARCH_PATHS = (
					"$(inherited)",
					"@executable_path/Frameworks",
					"@executable_path/../../Frameworks",
				);
				PRODUCT_BUNDLE_IDENTIFIER = "mdtaps.Iterable-Take-Home-Test.Iterable-Notifications";
				PRODUCT_NAME = "$(TARGET_NAME)";
				SKIP_INSTALL = YES;
				SWIFT_VERSION = 5.0;
				TARGETED_DEVICE_FAMILY = "1,2";
			};
			name = Release;
		};
/* End XCBuildConfiguration section */

/* Begin XCConfigurationList section */
		EA5A52D0263B61D20061274C /* Build configuration list for PBXProject "Iterable Take Home Test" */ = {
			isa = XCConfigurationList;
			buildConfigurations = (
				EA5A52FD263B61D50061274C /* Debug */,
				EA5A52FE263B61D50061274C /* Release */,
			);
			defaultConfigurationIsVisible = 0;
			defaultConfigurationName = Release;
		};
		EA5A52FF263B61D50061274C /* Build configuration list for PBXNativeTarget "Iterable Take Home Test" */ = {
			isa = XCConfigurationList;
			buildConfigurations = (
				EA5A5300263B61D50061274C /* Debug */,
				EA5A5301263B61D50061274C /* Release */,
			);
			defaultConfigurationIsVisible = 0;
			defaultConfigurationName = Release;
		};
		EA5A5302263B61D50061274C /* Build configuration list for PBXNativeTarget "Iterable Take Home TestTests" */ = {
			isa = XCConfigurationList;
			buildConfigurations = (
				EA5A5303263B61D50061274C /* Debug */,
				EA5A5304263B61D50061274C /* Release */,
			);
			defaultConfigurationIsVisible = 0;
			defaultConfigurationName = Release;
		};
		EA5A5305263B61D50061274C /* Build configuration list for PBXNativeTarget "Iterable Take Home TestUITests" */ = {
			isa = XCConfigurationList;
			buildConfigurations = (
				EA5A5306263B61D50061274C /* Debug */,
				EA5A5307263B61D50061274C /* Release */,
			);
			defaultConfigurationIsVisible = 0;
			defaultConfigurationName = Release;
		};
		EA5A531D263B62CE0061274C /* Build configuration list for PBXNativeTarget "Iterable Notifications" */ = {
			isa = XCConfigurationList;
			buildConfigurations = (
				EA5A531E263B62CE0061274C /* Debug */,
				EA5A531F263B62CE0061274C /* Release */,
			);
			defaultConfigurationIsVisible = 0;
			defaultConfigurationName = Release;
		};
/* End XCConfigurationList section */

/* Begin XCRemoteSwiftPackageReference section */
		EA5A530B263B62330061274C /* XCRemoteSwiftPackageReference "swift-sdk" */ = {
			isa = XCRemoteSwiftPackageReference;
			repositoryURL = "https://github.com/iterable/swift-sdk";
			requirement = {
				kind = upToNextMajorVersion;
				minimumVersion = 6.2.21;
			};
		};
/* End XCRemoteSwiftPackageReference section */

/* Begin XCSwiftPackageProductDependency section */
		EA5A530C263B62330061274C /* IterableSDK */ = {
			isa = XCSwiftPackageProductDependency;
			package = EA5A530B263B62330061274C /* XCRemoteSwiftPackageReference "swift-sdk" */;
			productName = IterableSDK;
		};
/* End XCSwiftPackageProductDependency section */
	};
	rootObject = EA5A52CD263B61D20061274C /* Project object */;
}
